Microsoft Visual Studio Solution File, Format Version 10.00
# Visual Studio 2008
Project("{8BC9CEB8-8B4A-11D0-8D11-00A0C91BC942}") = "liero", "liero.vcproj", "{CDE258F8-90DB-407B-8521-AA531EE4D167}"
EndProject
Global
	GlobalSection(SolutionConfigurationPlatforms) = preSolution
		Debug|Win32 = Debug|Win32
		Release|Win32 = Release|Win32
	EndGlobalSection
	GlobalSection(ProjectConfigurationPlatforms) = postSolution
		{CDE258F8-90DB-407B-8521-AA531EE4D167}.Debug|Win32.ActiveCfg = Debug|Win32
		{CDE258F8-90DB-407B-8521-AA531EE4D167}.Debug|Win32.Build.0 = Debug|Win32
		{CDE258F8-90DB-407B-8521-AA531EE4D167}.Release|Win32.ActiveCfg = Release|Win32
		{CDE258F8-90DB-407B-8521-AA531EE4D167}.Release|Win32.Build.0 = Release|Win32
	EndGlobalSection
	GlobalSection(SolutionProperties) = preSolution
		HideSolutionNode = FALSE
	EndGlobalSection
EndGlobal
