<?xml version="1.0" encoding="utf-8"?>
<Project ToolsVersion="4.0" xmlns="http://schemas.microsoft.com/developer/msbuild/2003">
  <ItemGroup>
    <ClCompile Include="..\..\tc_tool_main.cpp" />
    <ClCompile Include="..\..\common_exereader.cpp" />
    <ClCompile Include="..\..\common_writer.cpp" />
  </ItemGroup>
  <ItemGroup>
    <ClInclude Include="..\..\common_exereader.hpp" />
    <ClInclude Include="..\..\common_model.hpp" />
    <ClInclude Include="..\..\common_writer.hpp" />
    <ClInclude Include="..\..\reader.hpp" />
  </ItemGroup>
</Project>