<?xml version="1.0" encoding="utf-8"?>
<Project ToolsVersion="4.0" xmlns="http://schemas.microsoft.com/developer/msbuild/2003">
  <ItemGroup>
    <Filter Include="gfx">
      <UniqueIdentifier>{48d78aa8-2a2d-4703-9311-fa22175a0005}</UniqueIdentifier>
    </Filter>
    <Filter Include="mixer">
      <UniqueIdentifier>{4f9ccdb9-4328-4466-8626-1b6f2bd12e7b}</UniqueIdentifier>
    </Filter>
    <Filter Include="gvl">
      <UniqueIdentifier>{927b0729-0241-42ae-9b74-db8ebdb835d1}</UniqueIdentifier>
    </Filter>
    <Filter Include="gvl\io">
      <UniqueIdentifier>{b5bd135f-c679-4edd-8ab1-14418da34e04}</UniqueIdentifier>
    </Filter>
    <Filter Include="gvl\serialization">
      <UniqueIdentifier>{6c4a7b28-59f6-4edf-ac8d-6630f133a635}</UniqueIdentifier>
    </Filter>
    <Filter Include="gvl\math">
      <UniqueIdentifier>{20b554de-0821-41aa-bdee-bccc32b7af01}</UniqueIdentifier>
    </Filter>
    <Filter Include="gvl\crypt">
      <UniqueIdentifier>{287bf670-96c2-45aa-b3c9-7af2109f8649}</UniqueIdentifier>
    </Filter>
    <Filter Include="gvl\support">
      <UniqueIdentifier>{f78b0b20-a964-43ee-a9b6-6e5ae8402ab2}</UniqueIdentifier>
    </Filter>
    <Filter Include="gvl\system">
      <UniqueIdentifier>{f259dd48-3c80-4dac-8cec-e76b5fd7c91c}</UniqueIdentifier>
    </Filter>
    <Filter Include="gvl\zlib">
      <UniqueIdentifier>{e9feb328-7576-4336-8e49-2a18193c024b}</UniqueIdentifier>
    </Filter>
    <Filter Include="gvl\containers">
      <UniqueIdentifier>{c105b71c-9207-452c-929d-796e58e34efb}</UniqueIdentifier>
    </Filter>
    <Filter Include="tl">
      <UniqueIdentifier>{21b25386-61b3-4390-b8c5-e2197ddac3bb}</UniqueIdentifier>
    </Filter>
    <Filter Include="gvl\resman">
      <UniqueIdentifier>{61b1cb02-707a-4120-883e-019197b13e74}</UniqueIdentifier>
    </Filter>
    <Filter Include="gvl\meta">
      <UniqueIdentifier>{d1f9a6d8-afd3-4acd-99d6-49ecff5749f1}</UniqueIdentifier>
    </Filter>
    <Filter Include="gvl\io2">
      <UniqueIdentifier>{29a97361-f720-4e11-8b5b-cfea5f85126b}</UniqueIdentifier>
    </Filter>
  </ItemGroup>
  <ItemGroup>
    <ClCompile Include="..\gfx\blit.cpp">
      <Filter>gfx</Filter>
    </ClCompile>
    <ClCompile Include="..\gfx\font.cpp">
      <Filter>gfx</Filter>
    </ClCompile>
    <ClCompile Include="..\gfx\palette.cpp">
      <Filter>gfx</Filter>
    </ClCompile>
    <ClCompile Include="..\gfx\sprite.cpp">
      <Filter>gfx</Filter>
    </ClCompile>
    <ClCompile Include="..\bobject.cpp" />
    <ClCompile Include="..\bonus.cpp" />
    <ClCompile Include="..\common.cpp" />
    <ClCompile Include="..\console.cpp" />
    <ClCompile Include="..\constants.cpp" />
    <ClCompile Include="..\filesystem.cpp" />
    <ClCompile Include="..\game.cpp" />
    <ClCompile Include="..\level.cpp" />
    <ClCompile Include="..\math.cpp" />
    <ClCompile Include="..\ninjarope.cpp" />
    <ClCompile Include="..\nobject.cpp" />
    <ClCompile Include="..\rand.cpp" />
    <ClCompile Include="..\reader.cpp" />
    <ClCompile Include="..\replay.cpp" />
    <ClCompile Include="..\settings.cpp" />
    <ClCompile Include="..\sobject.cpp" />
    <ClCompile Include="..\sys.cpp" />
    <ClCompile Include="..\text.cpp" />
    <ClCompile Include="..\viewport.cpp" />
    <ClCompile Include="..\weapon.cpp" />
    <ClCompile Include="..\worm.cpp" />
    <ClCompile Include="..\mixer\mixer.c">
      <Filter>mixer</Filter>
    </ClCompile>
    <ClCompile Include="..\stats_recorder.cpp" />
    <ClCompile Include="..\gvl\io\convert.cpp">
      <Filter>gvl\io</Filter>
    </ClCompile>
    <ClCompile Include="..\gvl\io\encoding.cpp">
      <Filter>gvl\io</Filter>
    </ClCompile>
    <ClCompile Include="..\gvl\io\stream.cpp">
      <Filter>gvl\io</Filter>
    </ClCompile>
    <ClCompile Include="..\gvl\system\system.c">
      <Filter>gvl\system</Filter>
    </ClCompile>
    <ClCompile Include="..\gvl\support\bits.c">
      <Filter>gvl\support</Filter>
    </ClCompile>
    <ClCompile Include="..\gvl\support\debug.cpp">
      <Filter>gvl\support</Filter>
    </ClCompile>
    <ClCompile Include="..\gvl\support\platform.cpp">
      <Filter>gvl\support</Filter>
    </ClCompile>
    <ClCompile Include="..\gvl\support\profile.cpp">
      <Filter>gvl\support</Filter>
    </ClCompile>
    <ClCompile Include="..\gfx\renderer.cpp">
      <Filter>gfx</Filter>
    </ClCompile>
    <ClCompile Include="..\mixer\player.cpp">
      <Filter>mixer</Filter>
    </ClCompile>
    <ClCompile Include="..\gvl\zlib\miniz.c">
      <Filter>gvl\zlib</Filter>
    </ClCompile>
    <ClCompile Include="..\gvl\containers\list.cpp">
      <Filter>gvl\containers</Filter>
    </ClCompile>
    <ClCompile Include="..\gvl\io2\stream.cpp">
      <Filter>gvl\io2</Filter>
    </ClCompile>
  </ItemGroup>
  <ItemGroup>
    <ClInclude Include="..\gfx\blit.hpp">
      <Filter>gfx</Filter>
    </ClInclude>
    <ClInclude Include="..\gfx\color.hpp">
      <Filter>gfx</Filter>
    </ClInclude>
    <ClInclude Include="..\gfx\font.hpp">
      <Filter>gfx</Filter>
    </ClInclude>
    <ClInclude Include="..\gfx\macros.hpp">
      <Filter>gfx</Filter>
    </ClInclude>
    <ClInclude Include="..\gfx\palette.hpp">
      <Filter>gfx</Filter>
    </ClInclude>
    <ClInclude Include="..\gfx\sprite.hpp">
      <Filter>gfx</Filter>
    </ClInclude>
    <ClInclude Include="..\bobject.hpp" />
    <ClInclude Include="..\bonus.hpp" />
    <ClInclude Include="..\common.hpp" />
    <ClInclude Include="..\console.hpp" />
    <ClInclude Include="..\constants.hpp" />
    <ClInclude Include="..\exactObjectList.hpp" />
    <ClInclude Include="..\fastObjectList.hpp" />
    <ClInclude Include="..\filesystem.hpp" />
    <ClInclude Include="..\game.hpp" />
    <ClInclude Include="..\level.hpp" />
    <ClInclude Include="..\math.hpp" />
    <ClInclude Include="..\nobject.hpp" />
    <ClInclude Include="..\objectList.hpp" />
    <ClInclude Include="..\rand.hpp" />
    <ClInclude Include="..\reader.hpp" />
    <ClInclude Include="..\rect.hpp" />
    <ClInclude Include="..\replay.hpp" />
    <ClInclude Include="..\settings.hpp" />
    <ClInclude Include="..\sobject.hpp" />
    <ClInclude Include="..\sys.hpp" />
    <ClInclude Include="..\text.hpp" />
    <ClInclude Include="..\version.hpp" />
    <ClInclude Include="..\viewport.hpp" />
    <ClInclude Include="..\weapon.hpp" />
    <ClInclude Include="..\worm.hpp" />
    <ClInclude Include="..\mixer\mixer.h">
      <Filter>mixer</Filter>
    </ClInclude>
    <ClInclude Include="..\stats_recorder.hpp" />
    <ClInclude Include="..\gfx\bitmap.hpp">
      <Filter>gfx</Filter>
    </ClInclude>
    <ClInclude Include="..\gvl\io\convert.hpp">
      <Filter>gvl\io</Filter>
    </ClInclude>
    <ClInclude Include="..\gvl\io\deflate_filter.hpp">
      <Filter>gvl\io</Filter>
    </ClInclude>
    <ClInclude Include="..\gvl\io\encoding.hpp">
      <Filter>gvl\io</Filter>
    </ClInclude>
    <ClInclude Include="..\gvl\io\encoding_compat.hpp">
      <Filter>gvl\io</Filter>
    </ClInclude>
    <ClInclude Include="..\gvl\io\fstream.hpp">
      <Filter>gvl\io</Filter>
    </ClInclude>
    <ClInclude Include="..\gvl\io\iostream.hpp">
      <Filter>gvl\io</Filter>
    </ClInclude>
    <ClInclude Include="..\gvl\io\stream.hpp">
      <Filter>gvl\io</Filter>
    </ClInclude>
    <ClInclude Include="..\gvl\math\cmwc.hpp">
      <Filter>gvl\math</Filter>
    </ClInclude>
    <ClInclude Include="..\gvl\math\random.hpp">
      <Filter>gvl\math</Filter>
    </ClInclude>
    <ClInclude Include="..\gvl\math\rect.hpp">
      <Filter>gvl\math</Filter>
    </ClInclude>
    <ClInclude Include="..\gvl\crypt\gash.hpp">
      <Filter>gvl\crypt</Filter>
    </ClInclude>
    <ClInclude Include="..\gvl\system\memory.hpp">
      <Filter>gvl\system</Filter>
    </ClInclude>
    <ClInclude Include="..\gvl\system\system.hpp">
      <Filter>gvl\system</Filter>
    </ClInclude>
    <ClInclude Include="..\gvl\system\windows.hpp">
      <Filter>gvl\system</Filter>
    </ClInclude>
    <ClInclude Include="..\gvl\support\bits.hpp">
      <Filter>gvl\support</Filter>
    </ClInclude>
    <ClInclude Include="..\gvl\support\config.h">
      <Filter>gvl\support</Filter>
    </ClInclude>
    <ClInclude Include="..\gvl\support\cstdint.hpp">
      <Filter>gvl\support</Filter>
    </ClInclude>
    <ClInclude Include="..\gvl\support\debug.hpp">
      <Filter>gvl\support</Filter>
    </ClInclude>
    <ClInclude Include="..\gvl\support\functional.hpp">
      <Filter>gvl\support</Filter>
    </ClInclude>
    <ClInclude Include="..\gvl\support\macros.hpp">
      <Filter>gvl\support</Filter>
    </ClInclude>
    <ClInclude Include="..\gvl\support\opt.hpp">
      <Filter>gvl\support</Filter>
    </ClInclude>
    <ClInclude Include="..\gvl\support\platform.h">
      <Filter>gvl\support</Filter>
    </ClInclude>
    <ClInclude Include="..\gvl\support\platform.hpp">
      <Filter>gvl\support</Filter>
    </ClInclude>
    <ClInclude Include="..\gvl\support\profile.hpp">
      <Filter>gvl\support</Filter>
    </ClInclude>
    <ClInclude Include="..\gvl\support\type_info.hpp">
      <Filter>gvl\support</Filter>
    </ClInclude>
    <ClInclude Include="..\gvl\serialization\archive.hpp">
      <Filter>gvl\serialization</Filter>
    </ClInclude>
    <ClInclude Include="..\gvl\serialization\context.hpp">
      <Filter>gvl\serialization</Filter>
    </ClInclude>
    <ClInclude Include="..\gvl\serialization\except.hpp">
      <Filter>gvl\serialization</Filter>
    </ClInclude>
    <ClInclude Include="..\gvl\cstdint.hpp">
      <Filter>gvl</Filter>
    </ClInclude>
    <ClInclude Include="..\gvl\containers\pairing_heap.hpp">
      <Filter>gvl\containers</Filter>
    </ClInclude>
    <ClInclude Include="..\stats.hpp" />
    <ClInclude Include="..\gfx\renderer.hpp">
      <Filter>gfx</Filter>
    </ClInclude>
    <ClInclude Include="..\mixer\player.hpp">
      <Filter>mixer</Filter>
    </ClInclude>
    <ClInclude Include="..\tl\cstdint.h">
      <Filter>tl</Filter>
    </ClInclude>
    <ClInclude Include="..\tl\memory.h">
      <Filter>tl</Filter>
    </ClInclude>
    <ClInclude Include="..\tl\platform.h">
      <Filter>tl</Filter>
    </ClInclude>
    <ClInclude Include="..\tl\vector.h">
      <Filter>tl</Filter>
    </ClInclude>
    <ClInclude Include="..\material.hpp" />
    <ClInclude Include="..\gvl\math\vec.hpp">
      <Filter>gvl\math</Filter>
    </ClInclude>
    <ClInclude Include="..\gvl\containers\list.h">
      <Filter>gvl\containers</Filter>
    </ClInclude>
    <ClInclude Include="..\gvl\containers\list.hpp">
      <Filter>gvl\containers</Filter>
    </ClInclude>
    <ClInclude Include="..\gvl\resman\shared.hpp">
      <Filter>gvl\resman</Filter>
    </ClInclude>
    <ClInclude Include="..\gvl\resman\shared_ptr.hpp">
      <Filter>gvl\resman</Filter>
    </ClInclude>
    <ClInclude Include="..\gvl\meta\as_unsigned.hpp">
      <Filter>gvl\meta</Filter>
    </ClInclude>
    <ClInclude Include="..\gvl\io2\stream.hpp">
      <Filter>gvl\io2</Filter>
    </ClInclude>
    <ClInclude Include="..\gvl\serialization\coding.hpp">
      <Filter>gvl\serialization</Filter>
    </ClInclude>
    <ClInclude Include="..\gvl\io2\deflate_filter.hpp">
      <Filter>gvl\io2</Filter>
    </ClInclude>
    <ClInclude Include="..\gvl\io2\fstream.hpp">
      <Filter>gvl\io2</Filter>
    </ClInclude>
    <ClInclude Include="..\gvl\zlib\zlib2.h">
      <Filter>gvl\zlib</Filter>
    </ClInclude>
  </ItemGroup>
  <ItemGroup>
    <None Include="..\Jamfile" />
  </ItemGroup>
  <ItemGroup>
    <Text Include="..\todo.txt" />
  </ItemGroup>
</Project>