<?xml version="1.0" encoding="utf-8"?>
<Project ToolsVersion="4.0" xmlns="http://schemas.microsoft.com/developer/msbuild/2003">
  <ItemGroup>
    <ClCompile Include="..\src\game\main.cpp" />
    <ClCompile Include="..\src\game\sdlmain.cpp" />
    <ClCompile Include="..\src\game\controller\commonController.cpp">
      <Filter>controller</Filter>
    </ClCompile>
    <ClCompile Include="..\src\game\controller\localController.cpp">
      <Filter>controller</Filter>
    </ClCompile>
    <ClCompile Include="..\src\game\controller\replayController.cpp">
      <Filter>controller</Filter>
    </ClCompile>
    <ClCompile Include="..\src\game\menu\booleanSwitchBehavior.cpp">
      <Filter>menu</Filter>
    </ClCompile>
    <ClCompile Include="..\src\game\menu\enumBehavior.cpp">
      <Filter>menu</Filter>
    </ClCompile>
    <ClCompile Include="..\src\game\menu\hiddenMenu.cpp">
      <Filter>menu</Filter>
    </ClCompile>
    <ClCompile Include="..\src\game\menu\integerBehavior.cpp">
      <Filter>menu</Filter>
    </ClCompile>
    <ClCompile Include="..\src\game\menu\itemBehavior.cpp">
      <Filter>menu</Filter>
    </ClCompile>
    <ClCompile Include="..\src\game\menu\menu.cpp">
      <Filter>menu</Filter>
    </ClCompile>
    <ClCompile Include="..\src\game\menu\menuItem.cpp">
      <Filter>menu</Filter>
    </ClCompile>
    <ClCompile Include="..\src\game\menu\timeBehavior.cpp">
      <Filter>menu</Filter>
    </ClCompile>
    <ClCompile Include="..\src\game\gfx.cpp" />
    <ClCompile Include="..\src\game\controller\stats_presenter.cpp">
      <Filter>controller</Filter>
    </ClCompile>
    <ClCompile Include="..\src\game\keys.cpp" />
    <ClCompile Include="..\src\game\sfx.cpp" />
    <ClCompile Include="..\src\game\weapsel.cpp" />
    <ClCompile Include="..\src\game\ai\dijkstra.cpp">
      <Filter>ai</Filter>
    </ClCompile>
    <ClCompile Include="..\src\game\ai\predictive_ai.cpp">
      <Filter>ai</Filter>
    </ClCompile>
    <ClCompile Include="..\src\game\menu\mainMenu.cpp">
      <Filter>menu</Filter>
    </ClCompile>
    <ClCompile Include="..\src\game\replay.cpp" />
    <ClCompile Include="..\src\game\bench.cpp" />
    <ClCompile Include="..\src\game\bench_format.cpp" />
  </ItemGroup>
  <ItemGroup>
    <Filter Include="controller">
      <UniqueIdentifier>{f2e3ffb6-95c3-4aa8-bc86-c42cc975f046}</UniqueIdentifier>
    </Filter>
    <Filter Include="menu">
      <UniqueIdentifier>{2f83187c-a2b9-4c35-961d-e08740dffc39}</UniqueIdentifier>
    </Filter>
    <Filter Include="ai">
      <UniqueIdentifier>{8f56fa94-9861-4c4b-a8a4-39f75b862710}</UniqueIdentifier>
    </Filter>
  </ItemGroup>
  <ItemGroup>
    <ClInclude Include="..\src\game\controller\commonController.hpp">
      <Filter>controller</Filter>
    </ClInclude>
    <ClInclude Include="..\src\game\controller\controller.hpp">
      <Filter>controller</Filter>
    </ClInclude>
    <ClInclude Include="..\src\game\controller\localController.hpp">
      <Filter>controller</Filter>
    </ClInclude>
    <ClInclude Include="..\src\game\controller\replayController.hpp">
      <Filter>controller</Filter>
    </ClInclude>
    <ClInclude Include="..\src\game\menu\arrayEnumBehavior.hpp">
      <Filter>menu</Filter>
    </ClInclude>
    <ClInclude Include="..\src\game\menu\booleanSwitchBehavior.hpp">
      <Filter>menu</Filter>
    </ClInclude>
    <ClInclude Include="..\src\game\menu\enumBehavior.hpp">
      <Filter>menu</Filter>
    </ClInclude>
    <ClInclude Include="..\src\game\menu\hiddenMenu.hpp">
      <Filter>menu</Filter>
    </ClInclude>
    <ClInclude Include="..\src\game\menu\integerBehavior.hpp">
      <Filter>menu</Filter>
    </ClInclude>
    <ClInclude Include="..\src\game\menu\itemBehavior.hpp">
      <Filter>menu</Filter>
    </ClInclude>
    <ClInclude Include="..\src\game\menu\menu.hpp">
      <Filter>menu</Filter>
    </ClInclude>
    <ClInclude Include="..\src\game\menu\menuItem.hpp">
      <Filter>menu</Filter>
    </ClInclude>
    <ClInclude Include="..\src\game\menu\timeBehavior.hpp">
      <Filter>menu</Filter>
    </ClInclude>
    <ClInclude Include="..\src\game\gfx.hpp" />
    <ClInclude Include="..\src\game\controller\stats_presenter.hpp">
      <Filter>controller</Filter>
    </ClInclude>
    <ClInclude Include="..\src\game\keys.hpp" />
    <ClInclude Include="..\src\game\sfx.hpp" />
    <ClInclude Include="..\src\game\weapsel.hpp" />
    <ClInclude Include="..\src\game\menu\fileSelector.hpp">
      <Filter>menu</Filter>
    </ClInclude>
    <ClInclude Include="..\src\game\ai\astar.hpp">
      <Filter>ai</Filter>
    </ClInclude>
    <ClInclude Include="..\src\game\ai\dijkstra.hpp">
      <Filter>ai</Filter>
    </ClInclude>
    <ClInclude Include="..\src\game\ai\predictive_ai.hpp">
      <Filter>ai</Filter>
    </ClInclude>
    <ClInclude Include="..\src\game\ai\work_queue.hpp">
      <Filter>ai</Filter>
    </ClInclude>
    <ClInclude Include="..\src\game\menu\mainMenu.hpp">
      <Filter>menu</Filter>
    </ClInclude>
    <ClInclude Include="..\src\game\replay.hpp" />
  </ItemGroup>
  <ItemGroup>
    <Text Include="..\CMakeLists.txt" />
  </ItemGroup>
  <ItemGroup>
    <None Include="packages.config" />
  </ItemGroup>
</Project>