<?xml version="1.0" encoding="utf-8"?>
<Project ToolsVersion="4.0" xmlns="http://schemas.microsoft.com/developer/msbuild/2003">
  <ItemGroup>
    <ClCompile Include="..\inflate.c" />
    <ClCompile Include="..\png.c" />
    <ClCompile Include="..\rectpack.c" />
    <ClCompile Include="..\image.c" />
    <ClCompile Include="..\socket.c" />
    <ClCompile Include="..\truetype.c" />
    <ClCompile Include="..\stream.c" />
    <ClCompile Include="..\fdlibm\e_rem_pio2.c">
      <Filter>fdlibm</Filter>
    </ClCompile>
    <ClCompile Include="..\fdlibm\s_asinh.c">
      <Filter>fdlibm</Filter>
    </ClCompile>
    <ClCompile Include="..\fdlibm\s_atan.c">
      <Filter>fdlibm</Filter>
    </ClCompile>
    <ClCompile Include="..\fdlibm\s_cbrt.c">
      <Filter>fdlibm</Filter>
    </ClCompile>
    <ClCompile Include="..\fdlibm\s_ceil.c">
      <Filter>fdlibm</Filter>
    </ClCompile>
    <ClCompile Include="..\fdlibm\s_copysign.c">
      <Filter>fdlibm</Filter>
    </ClCompile>
    <ClCompile Include="..\fdlibm\s_cos.c">
      <Filter>fdlibm</Filter>
    </ClCompile>
    <ClCompile Include="..\fdlibm\s_erf.c">
      <Filter>fdlibm</Filter>
    </ClCompile>
    <ClCompile Include="..\fdlibm\s_expm1.c">
      <Filter>fdlibm</Filter>
    </ClCompile>
    <ClCompile Include="..\fdlibm\s_fabs.c">
      <Filter>fdlibm</Filter>
    </ClCompile>
    <ClCompile Include="..\fdlibm\s_finite.c">
      <Filter>fdlibm</Filter>
    </ClCompile>
    <ClCompile Include="..\fdlibm\s_floor.c">
      <Filter>fdlibm</Filter>
    </ClCompile>
    <ClCompile Include="..\fdlibm\s_frexp.c">
      <Filter>fdlibm</Filter>
    </ClCompile>
    <ClCompile Include="..\fdlibm\s_ilogb.c">
      <Filter>fdlibm</Filter>
    </ClCompile>
    <ClCompile Include="..\fdlibm\s_isnan.c">
      <Filter>fdlibm</Filter>
    </ClCompile>
    <ClCompile Include="..\fdlibm\s_ldexp.c">
      <Filter>fdlibm</Filter>
    </ClCompile>
    <ClCompile Include="..\fdlibm\s_lib_version.c">
      <Filter>fdlibm</Filter>
    </ClCompile>
    <ClCompile Include="..\fdlibm\s_log1p.c">
      <Filter>fdlibm</Filter>
    </ClCompile>
    <ClCompile Include="..\fdlibm\s_logb.c">
      <Filter>fdlibm</Filter>
    </ClCompile>
    <ClCompile Include="..\fdlibm\s_matherr.c">
      <Filter>fdlibm</Filter>
    </ClCompile>
    <ClCompile Include="..\fdlibm\s_modf.c">
      <Filter>fdlibm</Filter>
    </ClCompile>
    <ClCompile Include="..\fdlibm\s_nextafter.c">
      <Filter>fdlibm</Filter>
    </ClCompile>
    <ClCompile Include="..\fdlibm\s_rint.c">
      <Filter>fdlibm</Filter>
    </ClCompile>
    <ClCompile Include="..\fdlibm\s_scalbn.c">
      <Filter>fdlibm</Filter>
    </ClCompile>
    <ClCompile Include="..\fdlibm\s_signgam.c">
      <Filter>fdlibm</Filter>
    </ClCompile>
    <ClCompile Include="..\fdlibm\s_significand.c">
      <Filter>fdlibm</Filter>
    </ClCompile>
    <ClCompile Include="..\fdlibm\s_sin.c">
      <Filter>fdlibm</Filter>
    </ClCompile>
    <ClCompile Include="..\fdlibm\s_tan.c">
      <Filter>fdlibm</Filter>
    </ClCompile>
    <ClCompile Include="..\fdlibm\s_tanh.c">
      <Filter>fdlibm</Filter>
    </ClCompile>
    <ClCompile Include="..\fdlibm\w_acos.c">
      <Filter>fdlibm</Filter>
    </ClCompile>
    <ClCompile Include="..\fdlibm\w_acosh.c">
      <Filter>fdlibm</Filter>
    </ClCompile>
    <ClCompile Include="..\fdlibm\w_asin.c">
      <Filter>fdlibm</Filter>
    </ClCompile>
    <ClCompile Include="..\fdlibm\w_atan2.c">
      <Filter>fdlibm</Filter>
    </ClCompile>
    <ClCompile Include="..\fdlibm\w_atanh.c">
      <Filter>fdlibm</Filter>
    </ClCompile>
    <ClCompile Include="..\fdlibm\w_cosh.c">
      <Filter>fdlibm</Filter>
    </ClCompile>
    <ClCompile Include="..\fdlibm\w_exp.c">
      <Filter>fdlibm</Filter>
    </ClCompile>
    <ClCompile Include="..\fdlibm\w_fmod.c">
      <Filter>fdlibm</Filter>
    </ClCompile>
    <ClCompile Include="..\fdlibm\w_gamma.c">
      <Filter>fdlibm</Filter>
    </ClCompile>
    <ClCompile Include="..\fdlibm\w_hypot.c">
      <Filter>fdlibm</Filter>
    </ClCompile>
    <ClCompile Include="..\fdlibm\w_j0.c">
      <Filter>fdlibm</Filter>
    </ClCompile>
    <ClCompile Include="..\fdlibm\w_j1.c">
      <Filter>fdlibm</Filter>
    </ClCompile>
    <ClCompile Include="..\fdlibm\w_jn.c">
      <Filter>fdlibm</Filter>
    </ClCompile>
    <ClCompile Include="..\fdlibm\w_log.c">
      <Filter>fdlibm</Filter>
    </ClCompile>
    <ClCompile Include="..\fdlibm\w_log10.c">
      <Filter>fdlibm</Filter>
    </ClCompile>
    <ClCompile Include="..\fdlibm\w_pow.c">
      <Filter>fdlibm</Filter>
    </ClCompile>
    <ClCompile Include="..\fdlibm\w_remainder.c">
      <Filter>fdlibm</Filter>
    </ClCompile>
    <ClCompile Include="..\fdlibm\w_scalb.c">
      <Filter>fdlibm</Filter>
    </ClCompile>
    <ClCompile Include="..\fdlibm\w_sinh.c">
      <Filter>fdlibm</Filter>
    </ClCompile>
    <ClCompile Include="..\fdlibm\w_sqrt.c">
      <Filter>fdlibm</Filter>
    </ClCompile>
    <ClCompile Include="..\fdlibm\k_cos.c">
      <Filter>fdlibm</Filter>
    </ClCompile>
    <ClCompile Include="..\fdlibm\k_rem_pio2.c">
      <Filter>fdlibm</Filter>
    </ClCompile>
    <ClCompile Include="..\fdlibm\k_sin.c">
      <Filter>fdlibm</Filter>
    </ClCompile>
    <ClCompile Include="..\fdlibm\k_standard.c">
      <Filter>fdlibm</Filter>
    </ClCompile>
    <ClCompile Include="..\fdlibm\k_tan.c">
      <Filter>fdlibm</Filter>
    </ClCompile>
    <ClCompile Include="..\ieee.c" />
    <ClCompile Include="..\approxmath\sincos.c">
      <Filter>approxmath</Filter>
    </ClCompile>
    <ClCompile Include="..\approxmath\exp.c">
      <Filter>approxmath</Filter>
    </ClCompile>
    <ClCompile Include="..\approxmath\pow.c">
      <Filter>approxmath</Filter>
    </ClCompile>
    <ClCompile Include="..\approxmath\asinacos.c">
      <Filter>approxmath</Filter>
    </ClCompile>
    <ClCompile Include="..\approxmath\tan.c">
      <Filter>approxmath</Filter>
    </ClCompile>
    <ClCompile Include="..\vorbis.c" />
    <ClCompile Include="..\riff.c" />
    <ClCompile Include="..\deflate.c" />
    <ClCompile Include="..\codec\polar_code.c">
      <Filter>codec</Filter>
    </ClCompile>
    <ClCompile Include="..\codec\prefix_code.c">
      <Filter>codec</Filter>
    </ClCompile>
    <ClCompile Include="..\codec\bitstream.c">
      <Filter>codec</Filter>
    </ClCompile>
    <ClCompile Include="..\codec\model.c">
      <Filter>codec</Filter>
    </ClCompile>
    <ClCompile Include="..\codec\test_codec.c">
      <Filter>codec</Filter>
    </ClCompile>
    <ClCompile Include="..\codec\polar_model.c">
      <Filter>codec</Filter>
    </ClCompile>
  </ItemGroup>
  <ItemGroup>
    <ClInclude Include="..\inflate.h" />
    <ClInclude Include="..\stream.h" />
    <ClInclude Include="..\platform.h" />
    <ClInclude Include="..\cstdint.h" />
    <ClInclude Include="..\vector.h" />
    <ClInclude Include="..\png.h" />
    <ClInclude Include="..\coro.h" />
    <ClInclude Include="..\impl.h" />
    <ClInclude Include="..\config.h" />
    <ClInclude Include="..\truetype.h" />
    <ClInclude Include="..\rectpack.h" />
    <ClInclude Include="..\rect.h" />
    <ClInclude Include="..\socket.h" />
    <ClInclude Include="..\image.h" />
    <ClInclude Include="..\socket_sys.h" />
    <ClInclude Include="..\memory.h" />
    <ClInclude Include="..\inflate_impl.h" />
    <ClInclude Include="..\ieee.h" />
    <ClInclude Include="..\fdlibm\fdlibm.h">
      <Filter>fdlibm</Filter>
    </ClInclude>
    <ClInclude Include="..\fdlibm\fdlibm_intern.h">
      <Filter>fdlibm</Filter>
    </ClInclude>
    <ClInclude Include="..\bits.h" />
    <ClInclude Include="..\approxmath\am_internal.h">
      <Filter>approxmath</Filter>
    </ClInclude>
    <ClInclude Include="..\approxmath\am.h">
      <Filter>approxmath</Filter>
    </ClInclude>
    <ClInclude Include="..\vorbis.h" />
    <ClInclude Include="..\list.h" />
    <ClInclude Include="..\riff.h" />
    <ClInclude Include="..\deflate.h" />
    <ClInclude Include="..\codec\polar_code.h">
      <Filter>codec</Filter>
    </ClInclude>
    <ClInclude Include="..\codec\prefix_code.h">
      <Filter>codec</Filter>
    </ClInclude>
    <ClInclude Include="..\algo.h" />
    <ClInclude Include="..\codec\bitstream.h">
      <Filter>codec</Filter>
    </ClInclude>
    <ClInclude Include="..\codec\polar_model.h">
      <Filter>codec</Filter>
    </ClInclude>
    <ClInclude Include="..\codec\model.h">
      <Filter>codec</Filter>
    </ClInclude>
    <ClInclude Include="..\codec\test_codec.h">
      <Filter>codec</Filter>
    </ClInclude>
    <ClInclude Include="..\codec\codec_impl.h">
      <Filter>codec</Filter>
    </ClInclude>
  </ItemGroup>
  <ItemGroup>
    <Filter Include="fdlibm">
      <UniqueIdentifier>{ed86fd8d-14c1-4804-b9ee-de8eaa3ae785}</UniqueIdentifier>
    </Filter>
    <Filter Include="approxmath">
      <UniqueIdentifier>{2b522dac-44fe-4071-85fd-a938e9b324cc}</UniqueIdentifier>
    </Filter>
    <Filter Include="codec">
      <UniqueIdentifier>{a71cb1d1-f2b7-4d61-8088-b5dbf58490d0}</UniqueIdentifier>
    </Filter>
  </ItemGroup>
  <ItemGroup>
    <None Include="..\codec\polar_model.ppc">
      <Filter>codec</Filter>
    </None>
  </ItemGroup>
</Project>